
Microsoft Visual Studio Solution File, Format Version 12.00
# Visual Studio Version 16
VisualStudioVersion = 16.0.30709.132
MinimumVisualStudioVersion = 10.0.40219.1
Project("{9A19103F-16F7-4668-BE54-9A1E7A4F7556}") = "Hahn.ApplicatonProcess.Application.Web", "Hahn.ApplicatonProcess.Application.Web\Hahn.ApplicatonProcess.Application.Web.csproj", "{76C903C4-5696-476A-A5FF-F89EBB8A38CA}"
EndProject
Project("{9A19103F-16F7-4668-BE54-9A1E7A4F7556}") = "Hahn.ApplicatonProcess.December2020.Data", "Hahn.ApplicatonProcess.December2020.Data\Hahn.ApplicatonProcess.December2020.Data.csproj", "{6930B357-7549-48F5-AD4E-74D01533F1FE}"
EndProject
Project("{9A19103F-16F7-4668-BE54-9A1E7A4F7556}") = "Hahn.ApplicatonProcess.December2020.Domain", "Hahn.ApplicatonProcess.December2020.Domain\Hahn.ApplicatonProcess.December2020.Domain.csproj", "{A481D42D-7DE3-4B93-A825-F4167B304146}"
EndProject
Global
	GlobalSection(SolutionConfigurationPlatforms) = preSolution
		Debug|Any CPU = Debug|Any CPU
		Release|Any CPU = Release|Any CPU
	EndGlobalSection
	GlobalSection(ProjectConfigurationPlatforms) = postSolution
		{76C903C4-5696-476A-A5FF-F89EBB8A38CA}.Debug|Any CPU.ActiveCfg = Debug|Any CPU
		{76C903C4-5696-476A-A5FF-F89EBB8A38CA}.Debug|Any CPU.Build.0 = Debug|Any CPU
		{76C903C4-5696-476A-A5FF-F89EBB8A38CA}.Release|Any CPU.ActiveCfg = Release|Any CPU
		{76C903C4-5696-476A-A5FF-F89EBB8A38CA}.Release|Any CPU.Build.0 = Release|Any CPU
		{6930B357-7549-48F5-AD4E-74D01533F1FE}.Debug|Any CPU.ActiveCfg = Debug|Any CPU
		{6930B357-7549-48F5-AD4E-74D01533F1FE}.Debug|Any CPU.Build.0 = Debug|Any CPU
		{6930B357-7549-48F5-AD4E-74D01533F1FE}.Release|Any CPU.ActiveCfg = Release|Any CPU
		{6930B357-7549-48F5-AD4E-74D01533F1FE}.Release|Any CPU.Build.0 = Release|Any CPU
		{A481D42D-7DE3-4B93-A825-F4167B304146}.Debug|Any CPU.ActiveCfg = Debug|Any CPU
		{A481D42D-7DE3-4B93-A825-F4167B304146}.Debug|Any CPU.Build.0 = Debug|Any CPU
		{A481D42D-7DE3-4B93-A825-F4167B304146}.Release|Any CPU.ActiveCfg = Release|Any CPU
		{A481D42D-7DE3-4B93-A825-F4167B304146}.Release|Any CPU.Build.0 = Release|Any CPU
	EndGlobalSection
	GlobalSection(SolutionProperties) = preSolution
		HideSolutionNode = FALSE
	EndGlobalSection
	GlobalSection(ExtensibilityGlobals) = postSolution
		SolutionGuid = {CD2F4F1F-54DD-4256-8275-8F8BB21A38C4}
	EndGlobalSection
EndGlobal
